
Microsoft Visual Studio Solution File, Format Version 12.00
# Visual Studio Version 16
VisualStudioVersion = 16.0.31624.102
MinimumVisualStudioVersion = 10.0.40219.1
Project("{9A19103F-16F7-4668-BE54-9A1E7A4F7556}") = "CMPG323_Project2", "CMPG323_Project2\CMPG323_Project2.csproj", "{5771DEC0-53C0-4CF8-9562-46B51B5D40BA}"
EndProject
Project("{FAE04EC0-301F-11D3-BF4B-00C04F79EFBC}") = "ImageGallery.Data", "ImageGallery.Data\ImageGallery.Data.csproj", "{8D9B1954-64FD-4FA8-8AF9-358531530944}"
EndProject
Project("{FAE04EC0-301F-11D3-BF4B-00C04F79EFBC}") = "ImageGallery.Services", "ImageGallery.Services\ImageGallery.Services.csproj", "{F2B28466-8AC7-4124-AA34-9FFCE160185A}"
EndProject
Global
	GlobalSection(SolutionConfigurationPlatforms) = preSolution
		Debug|Any CPU = Debug|Any CPU
		Release|Any CPU = Release|Any CPU
	EndGlobalSection
	GlobalSection(ProjectConfigurationPlatforms) = postSolution
		{5771DEC0-53C0-4CF8-9562-46B51B5D40BA}.Debug|Any CPU.ActiveCfg = Debug|Any CPU
		{5771DEC0-53C0-4CF8-9562-46B51B5D40BA}.Debug|Any CPU.Build.0 = Debug|Any CPU
		{5771DEC0-53C0-4CF8-9562-46B51B5D40BA}.Release|Any CPU.ActiveCfg = Release|Any CPU
		{5771DEC0-53C0-4CF8-9562-46B51B5D40BA}.Release|Any CPU.Build.0 = Release|Any CPU
		{8D9B1954-64FD-4FA8-8AF9-358531530944}.Debug|Any CPU.ActiveCfg = Debug|Any CPU
		{8D9B1954-64FD-4FA8-8AF9-358531530944}.Debug|Any CPU.Build.0 = Debug|Any CPU
		{8D9B1954-64FD-4FA8-8AF9-358531530944}.Release|Any CPU.ActiveCfg = Release|Any CPU
		{8D9B1954-64FD-4FA8-8AF9-358531530944}.Release|Any CPU.Build.0 = Release|Any CPU
		{F2B28466-8AC7-4124-AA34-9FFCE160185A}.Debug|Any CPU.ActiveCfg = Debug|Any CPU
		{F2B28466-8AC7-4124-AA34-9FFCE160185A}.Debug|Any CPU.Build.0 = Debug|Any CPU
		{F2B28466-8AC7-4124-AA34-9FFCE160185A}.Release|Any CPU.ActiveCfg = Release|Any CPU
		{F2B28466-8AC7-4124-AA34-9FFCE160185A}.Release|Any CPU.Build.0 = Release|Any CPU
	EndGlobalSection
	GlobalSection(SolutionProperties) = preSolution
		HideSolutionNode = FALSE
	EndGlobalSection
	GlobalSection(ExtensibilityGlobals) = postSolution
		SolutionGuid = {8877F77C-2B59-4ACB-AB9C-3AB96523E627}
	EndGlobalSection
EndGlobal
